
Microsoft Visual Studio Solution File, Format Version 12.00
# Visual Studio Version 16
VisualStudioVersion = 16.0.29503.13
MinimumVisualStudioVersion = 10.0.40219.1
Project("{FAE04EC0-301F-11D3-BF4B-00C04F79EFBC}") = "Thumbnail(WPF)", "Thumbnail(WPF)\Thumbnail(WPF).csproj", "{B6544683-E6E3-490D-85B1-0F2AEDF655C7}"
EndProject
Global
	GlobalSection(SolutionConfigurationPlatforms) = preSolution
		Debug|Any CPU = Debug|Any CPU
		Release|Any CPU = Release|Any CPU
	EndGlobalSection
	GlobalSection(ProjectConfigurationPlatforms) = postSolution
		{B6544683-E6E3-490D-85B1-0F2AEDF655C7}.Debug|Any CPU.ActiveCfg = Debug|Any CPU
		{B6544683-E6E3-490D-85B1-0F2AEDF655C7}.Debug|Any CPU.Build.0 = Debug|Any CPU
		{B6544683-E6E3-490D-85B1-0F2AEDF655C7}.Release|Any CPU.ActiveCfg = Release|Any CPU
		{B6544683-E6E3-490D-85B1-0F2AEDF655C7}.Release|Any CPU.Build.0 = Release|Any CPU
	EndGlobalSection
	GlobalSection(SolutionProperties) = preSolution
		HideSolutionNode = FALSE
	EndGlobalSection
	GlobalSection(ExtensibilityGlobals) = postSolution
		SolutionGuid = {09DFBCED-628A-4E44-AB39-AF63C4D67AE6}
	EndGlobalSection
EndGlobal
